
Microsoft Visual Studio Solution File, Format Version 12.00
Project("{FAE04EC0-301F-11D3-BF4B-00C04F79EFBC}") = "InstrumentationPoc", "InstrumentationPoc\InstrumentationPoc.csproj", "{BD53D3CF-C946-4334-AE98-6CA0C39F74EC}"
EndProject
Global
	GlobalSection(SolutionConfigurationPlatforms) = preSolution
		Debug|Any CPU = Debug|Any CPU
		Release|Any CPU = Release|Any CPU
	EndGlobalSection
	GlobalSection(ProjectConfigurationPlatforms) = postSolution
		{BD53D3CF-C946-4334-AE98-6CA0C39F74EC}.Debug|Any CPU.ActiveCfg = Debug|Any CPU
		{BD53D3CF-C946-4334-AE98-6CA0C39F74EC}.Debug|Any CPU.Build.0 = Debug|Any CPU
		{BD53D3CF-C946-4334-AE98-6CA0C39F74EC}.Release|Any CPU.ActiveCfg = Release|Any CPU
		{BD53D3CF-C946-4334-AE98-6CA0C39F74EC}.Release|Any CPU.Build.0 = Release|Any CPU
	EndGlobalSection
EndGlobal
